
Microsoft Visual Studio Solution File, Format Version 12.00
# Visual Studio Version 17
VisualStudioVersion = 17.1.32210.238
MinimumVisualStudioVersion = 10.0.40219.1
Project("{FAE04EC0-301F-11D3-BF4B-00C04F79EFBC}") = "Exercise1_130", "Exercise1_130\Exercise1_130.csproj", "{C6784611-B7E2-4FAE-BCDA-4FDAADFAA071}"
EndProject
Global
	GlobalSection(SolutionConfigurationPlatforms) = preSolution
		Debug|Any CPU = Debug|Any CPU
		Release|Any CPU = Release|Any CPU
	EndGlobalSection
	GlobalSection(ProjectConfigurationPlatforms) = postSolution
		{C6784611-B7E2-4FAE-BCDA-4FDAADFAA071}.Debug|Any CPU.ActiveCfg = Debug|Any CPU
		{C6784611-B7E2-4FAE-BCDA-4FDAADFAA071}.Debug|Any CPU.Build.0 = Debug|Any CPU
		{C6784611-B7E2-4FAE-BCDA-4FDAADFAA071}.Release|Any CPU.ActiveCfg = Release|Any CPU
		{C6784611-B7E2-4FAE-BCDA-4FDAADFAA071}.Release|Any CPU.Build.0 = Release|Any CPU
	EndGlobalSection
	GlobalSection(SolutionProperties) = preSolution
		HideSolutionNode = FALSE
	EndGlobalSection
	GlobalSection(ExtensibilityGlobals) = postSolution
		SolutionGuid = {5F4A0C57-4B33-4D61-97FC-069C0ACD5433}
	EndGlobalSection
EndGlobal
